// !$*UTF8*$!
{
	archiveVersion = 1;
	classes = {
	};
	objectVersion = 50;
	objects = {

/* Begin PBXBuildFile section */
		83CFCE63236C17D200362658 /* AppDelegate.swift in Sources */ = {isa = PBXBuildFile; fileRef = 83CFCE62236C17D200362658 /* AppDelegate.swift */; };
		83CFCE65236C17D200362658 /* ViewController.swift in Sources */ = {isa = PBXBuildFile; fileRef = 83CFCE64236C17D200362658 /* ViewController.swift */; };
		83CFCE68236C17D200362658 /* Main.storyboard in Resources */ = {isa = PBXBuildFile; fileRef = 83CFCE66236C17D200362658 /* Main.storyboard */; };
		83CFCE6A236C17D900362658 /* Assets.xcassets in Resources */ = {isa = PBXBuildFile; fileRef = 83CFCE69236C17D900362658 /* Assets.xcassets */; };
		83CFCE6D236C17D900362658 /* LaunchScreen.storyboard in Resources */ = {isa = PBXBuildFile; fileRef = 83CFCE6B236C17D900362658 /* LaunchScreen.storyboard */; };
		83CFCE78236C17DA00362658 /* ADOPTIVE_LAYOUT_AUTO_LAYOUTTests.swift in Sources */ = {isa = PBXBuildFile; fileRef = 83CFCE77236C17DA00362658 /* ADOPTIVE_LAYOUT_AUTO_LAYOUTTests.swift */; };
		83CFCE83236C17DA00362658 /* ADOPTIVE_LAYOUT_AUTO_LAYOUTUITests.swift in Sources */ = {isa = PBXBuildFile; fileRef = 83CFCE82236C17DA00362658 /* ADOPTIVE_LAYOUT_AUTO_LAYOUTUITests.swift */; };
/* End PBXBuildFile section */

/* Begin PBXContainerItemProxy section */
		83CFCE74236C17D900362658 /* PBXContainerItemProxy */ = {
			isa = PBXContainerItemProxy;
			containerPortal = 83CFCE57236C17D200362658 /* Project object */;
			proxyType = 1;
			remoteGlobalIDString = 83CFCE5E236C17D200362658;
			remoteInfo = "ADOPTIVE LAYOUT:AUTO LAYOUT";
		};
		83CFCE7F236C17DA00362658 /* PBXContainerItemProxy */ = {
			isa = PBXContainerItemProxy;
			containerPortal = 83CFCE57236C17D200362658 /* Project object */;
			proxyType = 1;
			remoteGlobalIDString = 83CFCE5E236C17D200362658;
			remoteInfo = "ADOPTIVE LAYOUT:AUTO LAYOUT";
		};
/* End PBXContainerItemProxy section */

/* Begin PBXFileReference section */
		83CFCE5F236C17D200362658 /* ADOPTIVE LAYOUT:AUTO LAYOUT.app */ = {isa = PBXFileReference; explicitFileType = wrapper.application; includeInIndex = 0; path = "ADOPTIVE LAYOUT:AUTO LAYOUT.app"; sourceTree = BUILT_PRODUCTS_DIR; };
		83CFCE62236C17D200362658 /* AppDelegate.swift */ = {isa = PBXFileReference; lastKnownFileType = sourcecode.swift; path = AppDelegate.swift; sourceTree = "<group>"; };
		83CFCE64236C17D200362658 /* ViewController.swift */ = {isa = PBXFileReference; lastKnownFileType = sourcecode.swift; path = ViewController.swift; sourceTree = "<group>"; };
		83CFCE67236C17D200362658 /* Base */ = {isa = PBXFileReference; lastKnownFileType = file.storyboard; name = Base; path = Base.lproj/Main.storyboard; sourceTree = "<group>"; };
		83CFCE69236C17D900362658 /* Assets.xcassets */ = {isa = PBXFileReference; lastKnownFileType = folder.assetcatalog; path = Assets.xcassets; sourceTree = "<group>"; };
		83CFCE6C236C17D900362658 /* Base */ = {isa = PBXFileReference; lastKnownFileType = file.storyboard; name = Base; path = Base.lproj/LaunchScreen.storyboard; sourceTree = "<group>"; };
		83CFCE6E236C17D900362658 /* Info.plist */ = {isa = PBXFileReference; lastKnownFileType = text.plist.xml; path = Info.plist; sourceTree = "<group>"; };
		83CFCE73236C17D900362658 /* ADOPTIVE LAYOUT:AUTO LAYOUTTests.xctest */ = {isa = PBXFileReference; explicitFileType = wrapper.cfbundle; includeInIndex = 0; path = "ADOPTIVE LAYOUT:AUTO LAYOUTTests.xctest"; sourceTree = BUILT_PRODUCTS_DIR; };
		83CFCE77236C17DA00362658 /* ADOPTIVE_LAYOUT_AUTO_LAYOUTTests.swift */ = {isa = PBXFileReference; lastKnownFileType = sourcecode.swift; path = ADOPTIVE_LAYOUT_AUTO_LAYOUTTests.swift; sourceTree = "<group>"; };
		83CFCE79236C17DA00362658 /* Info.plist */ = {isa = PBXFileReference; lastKnownFileType = text.plist.xml; path = Info.plist; sourceTree = "<group>"; };
		83CFCE7E236C17DA00362658 /* ADOPTIVE LAYOUT:AUTO LAYOUTUITests.xctest */ = {isa = PBXFileReference; explicitFileType = wrapper.cfbundle; includeInIndex = 0; path = "ADOPTIVE LAYOUT:AUTO LAYOUTUITests.xctest"; sourceTree = BUILT_PRODUCTS_DIR; };
		83CFCE82236C17DA00362658 /* ADOPTIVE_LAYOUT_AUTO_LAYOUTUITests.swift */ = {isa = PBXFileReference; lastKnownFileType = sourcecode.swift; path = ADOPTIVE_LAYOUT_AUTO_LAYOUTUITests.swift; sourceTree = "<group>"; };
		83CFCE84236C17DA00362658 /* Info.plist */ = {isa = PBXFileReference; lastKnownFileType = text.plist.xml; path = Info.plist; sourceTree = "<group>"; };
/* End PBXFileReference section */

/* Begin PBXFrameworksBuildPhase section */
		83CFCE5C236C17D200362658 /* Frameworks */ = {
			isa = PBXFrameworksBuildPhase;
			buildActionMask = 2147483647;
			files = (
			);
			runOnlyForDeploymentPostprocessing = 0;
		};
		83CFCE70236C17D900362658 /* Frameworks */ = {
			isa = PBXFrameworksBuildPhase;
			buildActionMask = 2147483647;
			files = (
			);
			runOnlyForDeploymentPostprocessing = 0;
		};
		83CFCE7B236C17DA00362658 /* Frameworks */ = {
			isa = PBXFrameworksBuildPhase;
			buildActionMask = 2147483647;
			files = (
			);
			runOnlyForDeploymentPostprocessing = 0;
		};
/* End PBXFrameworksBuildPhase section */

/* Begin PBXGroup section */
		83CFCE56236C17D200362658 = {
			isa = PBXGroup;
			children = (
				83CFCE61236C17D200362658 /* ADOPTIVE LAYOUT:AUTO LAYOUT */,
				83CFCE76236C17D900362658 /* ADOPTIVE LAYOUT:AUTO LAYOUTTests */,
				83CFCE81236C17DA00362658 /* ADOPTIVE LAYOUT:AUTO LAYOUTUITests */,
				83CFCE60236C17D200362658 /* Products */,
			);
			sourceTree = "<group>";
		};
		83CFCE60236C17D200362658 /* Products */ = {
			isa = PBXGroup;
			children = (
				83CFCE5F236C17D200362658 /* ADOPTIVE LAYOUT:AUTO LAYOUT.app */,
				83CFCE73236C17D900362658 /* ADOPTIVE LAYOUT:AUTO LAYOUTTests.xctest */,
				83CFCE7E236C17DA00362658 /* ADOPTIVE LAYOUT:AUTO LAYOUTUITests.xctest */,
			);
			name = Products;
			sourceTree = "<group>";
		};
		83CFCE61236C17D200362658 /* ADOPTIVE LAYOUT:AUTO LAYOUT */ = {
			isa = PBXGroup;
			children = (
				83CFCE62236C17D200362658 /* AppDelegate.swift */,
				83CFCE64236C17D200362658 /* ViewController.swift */,
				83CFCE66236C17D200362658 /* Main.storyboard */,
				83CFCE69236C17D900362658 /* Assets.xcassets */,
				83CFCE6B236C17D900362658 /* LaunchScreen.storyboard */,
				83CFCE6E236C17D900362658 /* Info.plist */,
			);
			path = "ADOPTIVE LAYOUT:AUTO LAYOUT";
			sourceTree = "<group>";
		};
		83CFCE76236C17D900362658 /* ADOPTIVE LAYOUT:AUTO LAYOUTTests */ = {
			isa = PBXGroup;
			children = (
				83CFCE77236C17DA00362658 /* ADOPTIVE_LAYOUT_AUTO_LAYOUTTests.swift */,
				83CFCE79236C17DA00362658 /* Info.plist */,
			);
			path = "ADOPTIVE LAYOUT:AUTO LAYOUTTests";
			sourceTree = "<group>";
		};
		83CFCE81236C17DA00362658 /* ADOPTIVE LAYOUT:AUTO LAYOUTUITests */ = {
			isa = PBXGroup;
			children = (
				83CFCE82236C17DA00362658 /* ADOPTIVE_LAYOUT_AUTO_LAYOUTUITests.swift */,
				83CFCE84236C17DA00362658 /* Info.plist */,
			);
			path = "ADOPTIVE LAYOUT:AUTO LAYOUTUITests";
			sourceTree = "<group>";
		};
/* End PBXGroup section */

/* Begin PBXNativeTarget section */
		83CFCE5E236C17D200362658 /* ADOPTIVE LAYOUT:AUTO LAYOUT */ = {
			isa = PBXNativeTarget;
			buildConfigurationList = 83CFCE87236C17DA00362658 /* Build configuration list for PBXNativeTarget "ADOPTIVE LAYOUT:AUTO LAYOUT" */;
			buildPhases = (
				83CFCE5B236C17D200362658 /* Sources */,
				83CFCE5C236C17D200362658 /* Frameworks */,
				83CFCE5D236C17D200362658 /* Resources */,
			);
			buildRules = (
			);
			dependencies = (
			);
			name = "ADOPTIVE LAYOUT:AUTO LAYOUT";
			productName = "ADOPTIVE LAYOUT:AUTO LAYOUT";
			productReference = 83CFCE5F236C17D200362658 /* ADOPTIVE LAYOUT:AUTO LAYOUT.app */;
			productType = "com.apple.product-type.application";
		};
		83CFCE72236C17D900362658 /* ADOPTIVE LAYOUT:AUTO LAYOUTTests */ = {
			isa = PBXNativeTarget;
			buildConfigurationList = 83CFCE8A236C17DA00362658 /* Build configuration list for PBXNativeTarget "ADOPTIVE LAYOUT:AUTO LAYOUTTests" */;
			buildPhases = (
				83CFCE6F236C17D900362658 /* Sources */,
				83CFCE70236C17D900362658 /* Frameworks */,
				83CFCE71236C17D900362658 /* Resources */,
			);
			buildRules = (
			);
			dependencies = (
				83CFCE75236C17D900362658 /* PBXTargetDependency */,
			);
			name = "ADOPTIVE LAYOUT:AUTO LAYOUTTests";
			productName = "ADOPTIVE LAYOUT:AUTO LAYOUTTests";
			productReference = 83CFCE73236C17D900362658 /* ADOPTIVE LAYOUT:AUTO LAYOUTTests.xctest */;
			productType = "com.apple.product-type.bundle.unit-test";
		};
		83CFCE7D236C17DA00362658 /* ADOPTIVE LAYOUT:AUTO LAYOUTUITests */ = {
			isa = PBXNativeTarget;
			buildConfigurationList = 83CFCE8D236C17DA00362658 /* Build configuration list for PBXNativeTarget "ADOPTIVE LAYOUT:AUTO LAYOUTUITests" */;
			buildPhases = (
				83CFCE7A236C17DA00362658 /* Sources */,
				83CFCE7B236C17DA00362658 /* Frameworks */,
				83CFCE7C236C17DA00362658 /* Resources */,
			);
			buildRules = (
			);
			dependencies = (
				83CFCE80236C17DA00362658 /* PBXTargetDependency */,
			);
			name = "ADOPTIVE LAYOUT:AUTO LAYOUTUITests";
			productName = "ADOPTIVE LAYOUT:AUTO LAYOUTUITests";
			productReference = 83CFCE7E236C17DA00362658 /* ADOPTIVE LAYOUT:AUTO LAYOUTUITests.xctest */;
			productType = "com.apple.product-type.bundle.ui-testing";
		};
/* End PBXNativeTarget section */

/* Begin PBXProject section */
		83CFCE57236C17D200362658 /* Project object */ = {
			isa = PBXProject;
			attributes = {
				LastSwiftUpdateCheck = 1010;
				LastUpgradeCheck = 1010;
				ORGANIZATIONNAME = "Syed.Reshma Ruksana";
				TargetAttributes = {
					83CFCE5E236C17D200362658 = {
						CreatedOnToolsVersion = 10.1;
					};
					83CFCE72236C17D900362658 = {
						CreatedOnToolsVersion = 10.1;
						TestTargetID = 83CFCE5E236C17D200362658;
					};
					83CFCE7D236C17DA00362658 = {
						CreatedOnToolsVersion = 10.1;
						TestTargetID = 83CFCE5E236C17D200362658;
					};
				};
			};
			buildConfigurationList = 83CFCE5A236C17D200362658 /* Build configuration list for PBXProject "ADOPTIVE LAYOUT:AUTO LAYOUT" */;
			compatibilityVersion = "Xcode 9.3";
			developmentRegion = en;
			hasScannedForEncodings = 0;
			knownRegions = (
				en,
				Base,
			);
			mainGroup = 83CFCE56236C17D200362658;
			productRefGroup = 83CFCE60236C17D200362658 /* Products */;
			projectDirPath = "";
			projectRoot = "";
			targets = (
				83CFCE5E236C17D200362658 /* ADOPTIVE LAYOUT:AUTO LAYOUT */,
				83CFCE72236C17D900362658 /* ADOPTIVE LAYOUT:AUTO LAYOUTTests */,
				83CFCE7D236C17DA00362658 /* ADOPTIVE LAYOUT:AUTO LAYOUTUITests */,
			);
		};
/* End PBXProject section */

/* Begin PBXResourcesBuildPhase section */
		83CFCE5D236C17D200362658 /* Resources */ = {
			isa = PBXResourcesBuildPhase;
			buildActionMask = 2147483647;
			files = (
				83CFCE6D236C17D900362658 /* LaunchScreen.storyboard in Resources */,
				83CFCE6A236C17D900362658 /* Assets.xcassets in Resources */,
				83CFCE68236C17D200362658 /* Main.storyboard in Resources */,
			);
			runOnlyForDeploymentPostprocessing = 0;
		};
		83CFCE71236C17D900362658 /* Resources */ = {
			isa = PBXResourcesBuildPhase;
			buildActionMask = 2147483647;
			files = (
			);
			runOnlyForDeploymentPostprocessing = 0;
		};
		83CFCE7C236C17DA00362658 /* Resources */ = {
			isa = PBXResourcesBuildPhase;
			buildActionMask = 2147483647;
			files = (
			);
			runOnlyForDeploymentPostprocessing = 0;
		};
/* End PBXResourcesBuildPhase section */

/* Begin PBXSourcesBuildPhase section */
		83CFCE5B236C17D200362658 /* Sources */ = {
			isa = PBXSourcesBuildPhase;
			buildActionMask = 2147483647;
			files = (
				83CFCE65236C17D200362658 /* ViewController.swift in Sources */,
				83CFCE63236C17D200362658 /* AppDelegate.swift in Sources */,
			);
			runOnlyForDeploymentPostprocessing = 0;
		};
		83CFCE6F236C17D900362658 /* Sources */ = {
			isa = PBXSourcesBuildPhase;
			buildActionMask = 2147483647;
			files = (
				83CFCE78236C17DA00362658 /* ADOPTIVE_LAYOUT_AUTO_LAYOUTTests.swift in Sources */,
			);
			runOnlyForDeploymentPostprocessing = 0;
		};
		83CFCE7A236C17DA00362658 /* Sources */ = {
			isa = PBXSourcesBuildPhase;
			buildActionMask = 2147483647;
			files = (
				83CFCE83236C17DA00362658 /* ADOPTIVE_LAYOUT_AUTO_LAYOUTUITests.swift in Sources */,
			);
			runOnlyForDeploymentPostprocessing = 0;
		};
/* End PBXSourcesBuildPhase section */

/* Begin PBXTargetDependency section */
		83CFCE75236C17D900362658 /* PBXTargetDependency */ = {
			isa = PBXTargetDependency;
			target = 83CFCE5E236C17D200362658 /* ADOPTIVE LAYOUT:AUTO LAYOUT */;
			targetProxy = 83CFCE74236C17D900362658 /* PBXContainerItemProxy */;
		};
		83CFCE80236C17DA00362658 /* PBXTargetDependency */ = {
			isa = PBXTargetDependency;
			target = 83CFCE5E236C17D200362658 /* ADOPTIVE LAYOUT:AUTO LAYOUT */;
			targetProxy = 83CFCE7F236C17DA00362658 /* PBXContainerItemProxy */;
		};
/* End PBXTargetDependency section */

/* Begin PBXVariantGroup section */
		83CFCE66236C17D200362658 /* Main.storyboard */ = {
			isa = PBXVariantGroup;
			children = (
				83CFCE67236C17D200362658 /* Base */,
			);
			name = Main.storyboard;
			sourceTree = "<group>";
		};
		83CFCE6B236C17D900362658 /* LaunchScreen.storyboard */ = {
			isa = PBXVariantGroup;
			children = (
				83CFCE6C236C17D900362658 /* Base */,
			);
			name = LaunchScreen.storyboard;
			sourceTree = "<group>";
		};
/* End PBXVariantGroup section */

/* Begin XCBuildConfiguration section */
		83CFCE85236C17DA00362658 /* Debug */ = {
			isa = XCBuildConfiguration;
			buildSettings = {
				ALWAYS_SEARCH_USER_PATHS = NO;
				CLANG_ANALYZER_NONNULL = YES;
				CLANG_ANALYZER_NUMBER_OBJECT_CONVERSION = YES_AGGRESSIVE;
				CLANG_CXX_LANGUAGE_STANDARD = "gnu++14";
				CLANG_CXX_LIBRARY = "libc++";
				CLANG_ENABLE_MODULES = YES;
				CLANG_ENABLE_OBJC_ARC = YES;
				CLANG_ENABLE_OBJC_WEAK = YES;
				CLANG_WARN_BLOCK_CAPTURE_AUTORELEASING = YES;
				CLANG_WARN_BOOL_CONVERSION = YES;
				CLANG_WARN_COMMA = YES;
				CLANG_WARN_CONSTANT_CONVERSION = YES;
				CLANG_WARN_DEPRECATED_OBJC_IMPLEMENTATIONS = YES;
				CLANG_WARN_DIRECT_OBJC_ISA_USAGE = YES_ERROR;
				CLANG_WARN_DOCUMENTATION_COMMENTS = YES;
				CLANG_WARN_EMPTY_BODY = YES;
				CLANG_WARN_ENUM_CONVERSION = YES;
				CLANG_WARN_INFINITE_RECURSION = YES;
				CLANG_WARN_INT_CONVERSION = YES;
				CLANG_WARN_NON_LITERAL_NULL_CONVERSION = YES;
				CLANG_WARN_OBJC_IMPLICIT_RETAIN_SELF = YES;
				CLANG_WARN_OBJC_LITERAL_CONVERSION = YES;
				CLANG_WARN_OBJC_ROOT_CLASS = YES_ERROR;
				CLANG_WARN_RANGE_LOOP_ANALYSIS = YES;
				CLANG_WARN_STRICT_PROTOTYPES = YES;
				CLANG_WARN_SUSPICIOUS_MOVE = YES;
				CLANG_WARN_UNGUARDED_AVAILABILITY = YES_AGGRESSIVE;
				CLANG_WARN_UNREACHABLE_CODE = YES;
				CLANG_WARN__DUPLICATE_METHOD_MATCH = YES;
				CODE_SIGN_IDENTITY = "iPhone Developer";
				COPY_PHASE_STRIP = NO;
				DEBUG_INFORMATION_FORMAT = dwarf;
				ENABLE_STRICT_OBJC_MSGSEND = YES;
				ENABLE_TESTABILITY = YES;
				GCC_C_LANGUAGE_STANDARD = gnu11;
				GCC_DYNAMIC_NO_PIC = NO;
				GCC_NO_COMMON_BLOCKS = YES;
				GCC_OPTIMIZATION_LEVEL = 0;
				GCC_PREPROCESSOR_DEFINITIONS = (
					"DEBUG=1",
					"$(inherited)",
				);
				GCC_WARN_64_TO_32_BIT_CONVERSION = YES;
				GCC_WARN_ABOUT_RETURN_TYPE = YES_ERROR;
				GCC_WARN_UNDECLARED_SELECTOR = YES;
				GCC_WARN_UNINITIALIZED_AUTOS = YES_AGGRESSIVE;
				GCC_WARN_UNUSED_FUNCTION = YES;
				GCC_WARN_UNUSED_VARIABLE = YES;
				IPHONEOS_DEPLOYMENT_TARGET = 12.1;
				MTL_ENABLE_DEBUG_INFO = INCLUDE_SOURCE;
				MTL_FAST_MATH = YES;
				ONLY_ACTIVE_ARCH = YES;
				SDKROOT = iphoneos;
				SWIFT_ACTIVE_COMPILATION_CONDITIONS = DEBUG;
				SWIFT_OPTIMIZATION_LEVEL = "-Onone";
			};
			name = Debug;
		};
		83CFCE86236C17DA00362658 /* Release */ = {
			isa = XCBuildConfiguration;
			buildSettings = {
				ALWAYS_SEARCH_USER_PATHS = NO;
				CLANG_ANALYZER_NONNULL = YES;
				CLANG_ANALYZER_NUMBER_OBJECT_CONVERSION = YES_AGGRESSIVE;
				CLANG_CXX_LANGUAGE_STANDARD = "gnu++14";
				CLANG_CXX_LIBRARY = "libc++";
				CLANG_ENABLE_MODULES = YES;
				CLANG_ENABLE_OBJC_ARC = YES;
				CLANG_ENABLE_OBJC_WEAK = YES;
				CLANG_WARN_BLOCK_CAPTURE_AUTORELEASING = YES;
				CLANG_WARN_BOOL_CONVERSION = YES;
				CLANG_WARN_COMMA = YES;
				CLANG_WARN_CONSTANT_CONVERSION = YES;
				CLANG_WARN_DEPRECATED_OBJC_IMPLEMENTATIONS = YES;
				CLANG_WARN_DIRECT_OBJC_ISA_USAGE = YES_ERROR;
				CLANG_WARN_DOCUMENTATION_COMMENTS = YES;
				CLANG_WARN_EMPTY_BODY = YES;
				CLANG_WARN_ENUM_CONVERSION = YES;
				CLANG_WARN_INFINITE_RECURSION = YES;
				CLANG_WARN_INT_CONVERSION = YES;
				CLANG_WARN_NON_LITERAL_NULL_CONVERSION = YES;
				CLANG_WARN_OBJC_IMPLICIT_RETAIN_SELF = YES;
				CLANG_WARN_OBJC_LITERAL_CONVERSION = YES;
				CLANG_WARN_OBJC_ROOT_CLASS = YES_ERROR;
				CLANG_WARN_RANGE_LOOP_ANALYSIS = YES;
				CLANG_WARN_STRICT_PROTOTYPES = YES;
				CLANG_WARN_SUSPICIOUS_MOVE = YES;
				CLANG_WARN_UNGUARDED_AVAILABILITY = YES_AGGRESSIVE;
				CLANG_WARN_UNREACHABLE_CODE = YES;
				CLANG_WARN__DUPLICATE_METHOD_MATCH = YES;
				CODE_SIGN_IDENTITY = "iPhone Developer";
				COPY_PHASE_STRIP = NO;
				DEBUG_INFORMATION_FORMAT = "dwarf-with-dsym";
				ENABLE_NS_ASSERTIONS = NO;
				ENABLE_STRICT_OBJC_MSGSEND = YES;
				GCC_C_LANGUAGE_STANDARD = gnu11;
				GCC_NO_COMMON_BLOCKS = YES;
				GCC_WARN_64_TO_32_BIT_CONVERSION = YES;
				GCC_WARN_ABOUT_RETURN_TYPE = YES_ERROR;
				GCC_WARN_UNDECLARED_SELECTOR = YES;
				GCC_WARN_UNINITIALIZED_AUTOS = YES_AGGRESSIVE;
				GCC_WARN_UNUSED_FUNCTION = YES;
				GCC_WARN_UNUSED_VARIABLE = YES;
				IPHONEOS_DEPLOYMENT_TARGET = 12.1;
				MTL_ENABLE_DEBUG_INFO = NO;
				MTL_FAST_MATH = YES;
				SDKROOT = iphoneos;
				SWIFT_COMPILATION_MODE = wholemodule;
				SWIFT_OPTIMIZATION_LEVEL = "-O";
				VALIDATE_PRODUCT = YES;
			};
			name = Release;
		};
		83CFCE88236C17DA00362658 /* Debug */ = {
			isa = XCBuildConfiguration;
			buildSettings = {
				ASSETCATALOG_COMPILER_APPICON_NAME = AppIcon;
				CODE_SIGN_STYLE = Automatic;
				INFOPLIST_FILE = "ADOPTIVE LAYOUT:AUTO LAYOUT/Info.plist";
				LD_RUNPATH_SEARCH_PATHS = (
					"$(inherited)",
					"@executable_path/Frameworks",
				);
				PRODUCT_BUNDLE_IDENTIFIER = "BRN.ADOPTIVE-LAYOUT-AUTO-LAYOUT";
				PRODUCT_NAME = "$(TARGET_NAME)";
				SWIFT_VERSION = 4.2;
				TARGETED_DEVICE_FAMILY = "1,2";
			};
			name = Debug;
		};
		83CFCE89236C17DA00362658 /* Release */ = {
			isa = XCBuildConfiguration;
			buildSettings = {
				ASSETCATALOG_COMPILER_APPICON_NAME = AppIcon;
				CODE_SIGN_STYLE = Automatic;
				INFOPLIST_FILE = "ADOPTIVE LAYOUT:AUTO LAYOUT/Info.plist";
				LD_RUNPATH_SEARCH_PATHS = (
					"$(inherited)",
					"@executable_path/Frameworks",
				);
				PRODUCT_BUNDLE_IDENTIFIER = "BRN.ADOPTIVE-LAYOUT-AUTO-LAYOUT";
				PRODUCT_NAME = "$(TARGET_NAME)";
				SWIFT_VERSION = 4.2;
				TARGETED_DEVICE_FAMILY = "1,2";
			};
			name = Release;
		};
		83CFCE8B236C17DA00362658 /* Debug */ = {
			isa = XCBuildConfiguration;
			buildSettings = {
				ALWAYS_EMBED_SWIFT_STANDARD_LIBRARIES = YES;
				BUNDLE_LOADER = "$(TEST_HOST)";
				CODE_SIGN_STYLE = Automatic;
				INFOPLIST_FILE = "ADOPTIVE LAYOUT:AUTO LAYOUTTests/Info.plist";
				LD_RUNPATH_SEARCH_PATHS = (
					"$(inherited)",
					"@executable_path/Frameworks",
					"@loader_path/Frameworks",
				);
				PRODUCT_BUNDLE_IDENTIFIER = "BRN.ADOPTIVE-LAYOUT-AUTO-LAYOUTTests";
				PRODUCT_NAME = "$(TARGET_NAME)";
				SWIFT_VERSION = 4.2;
				TARGETED_DEVICE_FAMILY = "1,2";
				TEST_HOST = "$(BUILT_PRODUCTS_DIR)/ADOPTIVE LAYOUT:AUTO LAYOUT.app/ADOPTIVE LAYOUT:AUTO LAYOUT";
			};
			name = Debug;
		};
		83CFCE8C236C17DA00362658 /* Release */ = {
			isa = XCBuildConfiguration;
			buildSettings = {
				ALWAYS_EMBED_SWIFT_STANDARD_LIBRARIES = YES;
				BUNDLE_LOADER = "$(TEST_HOST)";
				CODE_SIGN_STYLE = Automatic;
				INFOPLIST_FILE = "ADOPTIVE LAYOUT:AUTO LAYOUTTests/Info.plist";
				LD_RUNPATH_SEARCH_PATHS = (
					"$(inherited)",
					"@executable_path/Frameworks",
					"@loader_path/Frameworks",
				);
				PRODUCT_BUNDLE_IDENTIFIER = "BRN.ADOPTIVE-LAYOUT-AUTO-LAYOUTTests";
				PRODUCT_NAME = "$(TARGET_NAME)";
				SWIFT_VERSION = 4.2;
				TARGETED_DEVICE_FAMILY = "1,2";
				TEST_HOST = "$(BUILT_PRODUCTS_DIR)/ADOPTIVE LAYOUT:AUTO LAYOUT.app/ADOPTIVE LAYOUT:AUTO LAYOUT";
			};
			name = Release;
		};
		83CFCE8E236C17DA00362658 /* Debug */ = {
			isa = XCBuildConfiguration;
			buildSettings = {
				ALWAYS_EMBED_SWIFT_STANDARD_LIBRARIES = YES;
				CODE_SIGN_STYLE = Automatic;
				INFOPLIST_FILE = "ADOPTIVE LAYOUT:AUTO LAYOUTUITests/Info.plist";
				LD_RUNPATH_SEARCH_PATHS = (
					"$(inherited)",
					"@executable_path/Frameworks",
					"@loader_path/Frameworks",
				);
				PRODUCT_BUNDLE_IDENTIFIER = "BRN.ADOPTIVE-LAYOUT-AUTO-LAYOUTUITests";
				PRODUCT_NAME = "$(TARGET_NAME)";
				SWIFT_VERSION = 4.2;
				TARGETED_DEVICE_FAMILY = "1,2";
				TEST_TARGET_NAME = "ADOPTIVE LAYOUT:AUTO LAYOUT";
			};
			name = Debug;
		};
		83CFCE8F236C17DA00362658 /* Release */ = {
			isa = XCBuildConfiguration;
			buildSettings = {
				ALWAYS_EMBED_SWIFT_STANDARD_LIBRARIES = YES;
				CODE_SIGN_STYLE = Automatic;
				INFOPLIST_FILE = "ADOPTIVE LAYOUT:AUTO LAYOUTUITests/Info.plist";
				LD_RUNPATH_SEARCH_PATHS = (
					"$(inherited)",
					"@executable_path/Frameworks",
					"@loader_path/Frameworks",
				);
				PRODUCT_BUNDLE_IDENTIFIER = "BRN.ADOPTIVE-LAYOUT-AUTO-LAYOUTUITests";
				PRODUCT_NAME = "$(TARGET_NAME)";
				SWIFT_VERSION = 4.2;
				TARGETED_DEVICE_FAMILY = "1,2";
				TEST_TARGET_NAME = "ADOPTIVE LAYOUT:AUTO LAYOUT";
			};
			name = Release;
		};
/* End XCBuildConfiguration section */

/* Begin XCConfigurationList section */
		83CFCE5A236C17D200362658 /* Build configuration list for PBXProject "ADOPTIVE LAYOUT:AUTO LAYOUT" */ = {
			isa = XCConfigurationList;
			buildConfigurations = (
				83CFCE85236C17DA00362658 /* Debug */,
				83CFCE86236C17DA00362658 /* Release */,
			);
			defaultConfigurationIsVisible = 0;
			defaultConfigurationName = Release;
		};
		83CFCE87236C17DA00362658 /* Build configuration list for PBXNativeTarget "ADOPTIVE LAYOUT:AUTO LAYOUT" */ = {
			isa = XCConfigurationList;
			buildConfigurations = (
				83CFCE88236C17DA00362658 /* Debug */,
				83CFCE89236C17DA00362658 /* Release */,
			);
			defaultConfigurationIsVisible = 0;
			defaultConfigurationName = Release;
		};
		83CFCE8A236C17DA00362658 /* Build configuration list for PBXNativeTarget "ADOPTIVE LAYOUT:AUTO LAYOUTTests" */ = {
			isa = XCConfigurationList;
			buildConfigurations = (
				83CFCE8B236C17DA00362658 /* Debug */,
				83CFCE8C236C17DA00362658 /* Release */,
			);
			defaultConfigurationIsVisible = 0;
			defaultConfigurationName = Release;
		};
		83CFCE8D236C17DA00362658 /* Build configuration list for PBXNativeTarget "ADOPTIVE LAYOUT:AUTO LAYOUTUITests" */ = {
			isa = XCConfigurationList;
			buildConfigurations = (
				83CFCE8E236C17DA00362658 /* Debug */,
				83CFCE8F236C17DA00362658 /* Release */,
			);
			defaultConfigurationIsVisible = 0;
			defaultConfigurationName = Release;
		};
/* End XCConfigurationList section */
	};
	rootObject = 83CFCE57236C17D200362658 /* Project object */;
}
